# THIS IS AN AUTOGENERATED FILE. DO NOT EDIT THIS FILE DIRECTLY.
# yarn lockfile v1


axios@^0.21.1:
  version "0.21.1"
  resolved "https://registry.yarnpkg.com/axios/-/axios-0.21.1.tgz#22563481962f4d6bde9a76d516ef0e5d3c09b2b8"
  integrity sha512-dKQiRHxGD9PPRIUNIWvZhPTPpl1rf/OxTYKsqKUDjBwYylTvV7SjSHJb9ratfyzM6wCdLCOYLzs73qpg5c4iGA==
  dependencies:
    follow-redirects "^1.10.0"

ccxt@^1.43.76:
  version "1.43.76"
  resolved "https://registry.yarnpkg.com/ccxt/-/ccxt-1.43.76.tgz#33e6c334766a1d897c37199d8cb735bc6e107d46"
  integrity sha512-r9M3ID/7pYcR1a6tgjNZ513yngO8rhHBw7/Wi5KcGKMmTr4MvplZbKgdix1wOR6jeVUuq0vY5zUmt9wPo49voQ==

coingecko-api@^1.0.10:
  version "1.0.10"
  resolved "https://registry.yarnpkg.com/coingecko-api/-/coingecko-api-1.0.10.tgz#ac8694d5999f00727fe55f0078ce2917603076b2"
  integrity sha512-7YLLC85+daxAw5QlBWoHVBVpJRwoPr4HtwanCr8V/WRjoyHTa1Lb9DQAvv4MDJZHiz4no6HGnDQnddtjV35oRA==

follow-redirects@^1.10.0:
  version "1.13.3"
  resolved "https://registry.yarnpkg.com/follow-redirects/-/follow-redirects-1.13.3.tgz#e5598ad50174c1bc4e872301e82ac2cd97f90267"
  integrity sha512-DUgl6+HDzB0iEptNQEXLx/KhTmDb8tZUHSeLqpnjpknR70H0nC2t9N73BK6fN4hOvJ84pKlIQVQ4k5FFlBedKA==

lodash@^4.17.21:
  version "4.17.21"
  resolved "https://registry.yarnpkg.com/lodash/-/lodash-4.17.21.tgz#679591c564c3bffaae8454cf0b3df370c3d6911c"
  integrity sha512-v2kDEe57lecTulaDIuNTPy3Ry4gLGJ6Z1O3vE1krgXZNrsQ+LFTGHVxVjcXPs17LhbZVGedAJv8XZ1tvj5FvSg==
