# THIS IS AN AUTOGENERATED FILE. DO NOT EDIT THIS FILE DIRECTLY.
# yarn lockfile v1


ccxt@^1.43.76:
  version "1.43.76"
  resolved "https://registry.yarnpkg.com/ccxt/-/ccxt-1.43.76.tgz#33e6c334766a1d897c37199d8cb735bc6e107d46"
  integrity sha512-r9M3ID/7pYcR1a6tgjNZ513yngO8rhHBw7/Wi5KcGKMmTr4MvplZbKgdix1wOR6jeVUuq0vY5zUmt9wPo49voQ==

coingecko-api@^1.0.10:
  version "1.0.10"
  resolved "https://registry.yarnpkg.com/coingecko-api/-/coingecko-api-1.0.10.tgz#ac8694d5999f00727fe55f0078ce2917603076b2"
  integrity sha512-7YLLC85+daxAw5QlBWoHVBVpJRwoPr4HtwanCr8V/WRjoyHTa1Lb9DQAvv4MDJZHiz4no6HGnDQnddtjV35oRA==
